
Microsoft Visual Studio Solution File, Format Version 12.00
# Visual Studio Version 16
VisualStudioVersion = 16.0.29025.244
MinimumVisualStudioVersion = 10.0.40219.1
Project("{FAE04EC0-301F-11D3-BF4B-00C04F79EFBC}") = "micro-ondas", "micro-ondas.csproj", "{7F6B6C1B-1AB7-42A9-B392-8E5DDD5E582D}"
EndProject
Global
	GlobalSection(SolutionConfigurationPlatforms) = preSolution
		Debug|Any CPU = Debug|Any CPU
		Release|Any CPU = Release|Any CPU
	EndGlobalSection
	GlobalSection(ProjectConfigurationPlatforms) = postSolution
		{7F6B6C1B-1AB7-42A9-B392-8E5DDD5E582D}.Debug|Any CPU.ActiveCfg = Debug|Any CPU
		{7F6B6C1B-1AB7-42A9-B392-8E5DDD5E582D}.Debug|Any CPU.Build.0 = Debug|Any CPU
		{7F6B6C1B-1AB7-42A9-B392-8E5DDD5E582D}.Release|Any CPU.ActiveCfg = Release|Any CPU
		{7F6B6C1B-1AB7-42A9-B392-8E5DDD5E582D}.Release|Any CPU.Build.0 = Release|Any CPU
	EndGlobalSection
	GlobalSection(SolutionProperties) = preSolution
		HideSolutionNode = FALSE
	EndGlobalSection
	GlobalSection(ExtensibilityGlobals) = postSolution
		SolutionGuid = {590F270B-22D2-498E-958D-652DFF625B7C}
	EndGlobalSection
EndGlobal
